// !$*UTF8*$!
{
	archiveVersion = 1;
	classes = {
	};
	objectVersion = 55;
	objects = {

/* Begin PBXBuildFile section */
		A4EE9FD128B4A6CE00D0F4E3 /* Simple_Analog_TV_ClockApp.swift in Sources */ = {isa = PBXBuildFile; fileRef = A4EE9FD028B4A6CE00D0F4E3 /* Simple_Analog_TV_ClockApp.swift */; };
		A4EE9FD328B4A6CE00D0F4E3 /* ContentView.swift in Sources */ = {isa = PBXBuildFile; fileRef = A4EE9FD228B4A6CE00D0F4E3 /* ContentView.swift */; };
		A4EE9FD528B4A6CE00D0F4E3 /* Assets.xcassets in Resources */ = {isa = PBXBuildFile; fileRef = A4EE9FD428B4A6CE00D0F4E3 /* Assets.xcassets */; };
		A4EE9FD828B4A6CE00D0F4E3 /* Preview Assets.xcassets in Resources */ = {isa = PBXBuildFile; fileRef = A4EE9FD728B4A6CE00D0F4E3 /* Preview Assets.xcassets */; };
		A4EE9FE228B4A6CE00D0F4E3 /* Simple_Analog_TV_ClockTests.swift in Sources */ = {isa = PBXBuildFile; fileRef = A4EE9FE128B4A6CE00D0F4E3 /* Simple_Analog_TV_ClockTests.swift */; };
		A4EE9FEC28B4A6CE00D0F4E3 /* Simple_Analog_TV_ClockUITests.swift in Sources */ = {isa = PBXBuildFile; fileRef = A4EE9FEB28B4A6CE00D0F4E3 /* Simple_Analog_TV_ClockUITests.swift */; };
		A4EE9FEE28B4A6CE00D0F4E3 /* Simple_Analog_TV_ClockUITestsLaunchTests.swift in Sources */ = {isa = PBXBuildFile; fileRef = A4EE9FED28B4A6CE00D0F4E3 /* Simple_Analog_TV_ClockUITestsLaunchTests.swift */; };
/* End PBXBuildFile section */

/* Begin PBXContainerItemProxy section */
		A4EE9FDE28B4A6CE00D0F4E3 /* PBXContainerItemProxy */ = {
			isa = PBXContainerItemProxy;
			containerPortal = A4EE9FC528B4A6CE00D0F4E3 /* Project object */;
			proxyType = 1;
			remoteGlobalIDString = A4EE9FCC28B4A6CE00D0F4E3;
			remoteInfo = "Simple Analog TV Clock";
		};
		A4EE9FE828B4A6CE00D0F4E3 /* PBXContainerItemProxy */ = {
			isa = PBXContainerItemProxy;
			containerPortal = A4EE9FC528B4A6CE00D0F4E3 /* Project object */;
			proxyType = 1;
			remoteGlobalIDString = A4EE9FCC28B4A6CE00D0F4E3;
			remoteInfo = "Simple Analog TV Clock";
		};
/* End PBXContainerItemProxy section */

/* Begin PBXFileReference section */
		A4EE9FCD28B4A6CE00D0F4E3 /* Simple Analog TV Clock.app */ = {isa = PBXFileReference; explicitFileType = wrapper.application; includeInIndex = 0; path = "Simple Analog TV Clock.app"; sourceTree = BUILT_PRODUCTS_DIR; };
		A4EE9FD028B4A6CE00D0F4E3 /* Simple_Analog_TV_ClockApp.swift */ = {isa = PBXFileReference; lastKnownFileType = sourcecode.swift; path = Simple_Analog_TV_ClockApp.swift; sourceTree = "<group>"; };
		A4EE9FD228B4A6CE00D0F4E3 /* ContentView.swift */ = {isa = PBXFileReference; lastKnownFileType = sourcecode.swift; path = ContentView.swift; sourceTree = "<group>"; };
		A4EE9FD428B4A6CE00D0F4E3 /* Assets.xcassets */ = {isa = PBXFileReference; lastKnownFileType = folder.assetcatalog; path = Assets.xcassets; sourceTree = "<group>"; };
		A4EE9FD728B4A6CE00D0F4E3 /* Preview Assets.xcassets */ = {isa = PBXFileReference; lastKnownFileType = folder.assetcatalog; path = "Preview Assets.xcassets"; sourceTree = "<group>"; };
		A4EE9FDD28B4A6CE00D0F4E3 /* Simple Analog TV ClockTests.xctest */ = {isa = PBXFileReference; explicitFileType = wrapper.cfbundle; includeInIndex = 0; path = "Simple Analog TV ClockTests.xctest"; sourceTree = BUILT_PRODUCTS_DIR; };
		A4EE9FE128B4A6CE00D0F4E3 /* Simple_Analog_TV_ClockTests.swift */ = {isa = PBXFileReference; lastKnownFileType = sourcecode.swift; path = Simple_Analog_TV_ClockTests.swift; sourceTree = "<group>"; };
		A4EE9FE728B4A6CE00D0F4E3 /* Simple Analog TV ClockUITests.xctest */ = {isa = PBXFileReference; explicitFileType = wrapper.cfbundle; includeInIndex = 0; path = "Simple Analog TV ClockUITests.xctest"; sourceTree = BUILT_PRODUCTS_DIR; };
		A4EE9FEB28B4A6CE00D0F4E3 /* Simple_Analog_TV_ClockUITests.swift */ = {isa = PBXFileReference; lastKnownFileType = sourcecode.swift; path = Simple_Analog_TV_ClockUITests.swift; sourceTree = "<group>"; };
		A4EE9FED28B4A6CE00D0F4E3 /* Simple_Analog_TV_ClockUITestsLaunchTests.swift */ = {isa = PBXFileReference; lastKnownFileType = sourcecode.swift; path = Simple_Analog_TV_ClockUITestsLaunchTests.swift; sourceTree = "<group>"; };
/* End PBXFileReference section */

/* Begin PBXFrameworksBuildPhase section */
		A4EE9FCA28B4A6CE00D0F4E3 /* Frameworks */ = {
			isa = PBXFrameworksBuildPhase;
			buildActionMask = 2147483647;
			files = (
			);
			runOnlyForDeploymentPostprocessing = 0;
		};
		A4EE9FDA28B4A6CE00D0F4E3 /* Frameworks */ = {
			isa = PBXFrameworksBuildPhase;
			buildActionMask = 2147483647;
			files = (
			);
			runOnlyForDeploymentPostprocessing = 0;
		};
		A4EE9FE428B4A6CE00D0F4E3 /* Frameworks */ = {
			isa = PBXFrameworksBuildPhase;
			buildActionMask = 2147483647;
			files = (
			);
			runOnlyForDeploymentPostprocessing = 0;
		};
/* End PBXFrameworksBuildPhase section */

/* Begin PBXGroup section */
		A4EE9FC428B4A6CE00D0F4E3 = {
			isa = PBXGroup;
			children = (
				A4EE9FCF28B4A6CE00D0F4E3 /* Simple Analog TV Clock */,
				A4EE9FE028B4A6CE00D0F4E3 /* Simple Analog TV ClockTests */,
				A4EE9FEA28B4A6CE00D0F4E3 /* Simple Analog TV ClockUITests */,
				A4EE9FCE28B4A6CE00D0F4E3 /* Products */,
			);
			sourceTree = "<group>";
		};
		A4EE9FCE28B4A6CE00D0F4E3 /* Products */ = {
			isa = PBXGroup;
			children = (
				A4EE9FCD28B4A6CE00D0F4E3 /* Simple Analog TV Clock.app */,
				A4EE9FDD28B4A6CE00D0F4E3 /* Simple Analog TV ClockTests.xctest */,
				A4EE9FE728B4A6CE00D0F4E3 /* Simple Analog TV ClockUITests.xctest */,
			);
			name = Products;
			sourceTree = "<group>";
		};
		A4EE9FCF28B4A6CE00D0F4E3 /* Simple Analog TV Clock */ = {
			isa = PBXGroup;
			children = (
				A4EE9FD028B4A6CE00D0F4E3 /* Simple_Analog_TV_ClockApp.swift */,
				A4EE9FD228B4A6CE00D0F4E3 /* ContentView.swift */,
				A4EE9FD428B4A6CE00D0F4E3 /* Assets.xcassets */,
				A4EE9FD628B4A6CE00D0F4E3 /* Preview Content */,
			);
			path = "Simple Analog TV Clock";
			sourceTree = "<group>";
		};
		A4EE9FD628B4A6CE00D0F4E3 /* Preview Content */ = {
			isa = PBXGroup;
			children = (
				A4EE9FD728B4A6CE00D0F4E3 /* Preview Assets.xcassets */,
			);
			path = "Preview Content";
			sourceTree = "<group>";
		};
		A4EE9FE028B4A6CE00D0F4E3 /* Simple Analog TV ClockTests */ = {
			isa = PBXGroup;
			children = (
				A4EE9FE128B4A6CE00D0F4E3 /* Simple_Analog_TV_ClockTests.swift */,
			);
			path = "Simple Analog TV ClockTests";
			sourceTree = "<group>";
		};
		A4EE9FEA28B4A6CE00D0F4E3 /* Simple Analog TV ClockUITests */ = {
			isa = PBXGroup;
			children = (
				A4EE9FEB28B4A6CE00D0F4E3 /* Simple_Analog_TV_ClockUITests.swift */,
				A4EE9FED28B4A6CE00D0F4E3 /* Simple_Analog_TV_ClockUITestsLaunchTests.swift */,
			);
			path = "Simple Analog TV ClockUITests";
			sourceTree = "<group>";
		};
/* End PBXGroup section */

/* Begin PBXNativeTarget section */
		A4EE9FCC28B4A6CE00D0F4E3 /* Simple Analog TV Clock */ = {
			isa = PBXNativeTarget;
			buildConfigurationList = A4EE9FF128B4A6CE00D0F4E3 /* Build configuration list for PBXNativeTarget "Simple Analog TV Clock" */;
			buildPhases = (
				A4EE9FC928B4A6CE00D0F4E3 /* Sources */,
				A4EE9FCA28B4A6CE00D0F4E3 /* Frameworks */,
				A4EE9FCB28B4A6CE00D0F4E3 /* Resources */,
			);
			buildRules = (
			);
			dependencies = (
			);
			name = "Simple Analog TV Clock";
			productName = "Simple Analog TV Clock";
			productReference = A4EE9FCD28B4A6CE00D0F4E3 /* Simple Analog TV Clock.app */;
			productType = "com.apple.product-type.application";
		};
		A4EE9FDC28B4A6CE00D0F4E3 /* Simple Analog TV ClockTests */ = {
			isa = PBXNativeTarget;
			buildConfigurationList = A4EE9FF428B4A6CE00D0F4E3 /* Build configuration list for PBXNativeTarget "Simple Analog TV ClockTests" */;
			buildPhases = (
				A4EE9FD928B4A6CE00D0F4E3 /* Sources */,
				A4EE9FDA28B4A6CE00D0F4E3 /* Frameworks */,
				A4EE9FDB28B4A6CE00D0F4E3 /* Resources */,
			);
			buildRules = (
			);
			dependencies = (
				A4EE9FDF28B4A6CE00D0F4E3 /* PBXTargetDependency */,
			);
			name = "Simple Analog TV ClockTests";
			productName = "Simple Analog TV ClockTests";
			productReference = A4EE9FDD28B4A6CE00D0F4E3 /* Simple Analog TV ClockTests.xctest */;
			productType = "com.apple.product-type.bundle.unit-test";
		};
		A4EE9FE628B4A6CE00D0F4E3 /* Simple Analog TV ClockUITests */ = {
			isa = PBXNativeTarget;
			buildConfigurationList = A4EE9FF728B4A6CE00D0F4E3 /* Build configuration list for PBXNativeTarget "Simple Analog TV ClockUITests" */;
			buildPhases = (
				A4EE9FE328B4A6CE00D0F4E3 /* Sources */,
				A4EE9FE428B4A6CE00D0F4E3 /* Frameworks */,
				A4EE9FE528B4A6CE00D0F4E3 /* Resources */,
			);
			buildRules = (
			);
			dependencies = (
				A4EE9FE928B4A6CE00D0F4E3 /* PBXTargetDependency */,
			);
			name = "Simple Analog TV ClockUITests";
			productName = "Simple Analog TV ClockUITests";
			productReference = A4EE9FE728B4A6CE00D0F4E3 /* Simple Analog TV ClockUITests.xctest */;
			productType = "com.apple.product-type.bundle.ui-testing";
		};
/* End PBXNativeTarget section */

/* Begin PBXProject section */
		A4EE9FC528B4A6CE00D0F4E3 /* Project object */ = {
			isa = PBXProject;
			attributes = {
				BuildIndependentTargetsInParallel = 1;
				LastSwiftUpdateCheck = 1340;
				LastUpgradeCheck = 1340;
				TargetAttributes = {
					A4EE9FCC28B4A6CE00D0F4E3 = {
						CreatedOnToolsVersion = 13.4.1;
					};
					A4EE9FDC28B4A6CE00D0F4E3 = {
						CreatedOnToolsVersion = 13.4.1;
						TestTargetID = A4EE9FCC28B4A6CE00D0F4E3;
					};
					A4EE9FE628B4A6CE00D0F4E3 = {
						CreatedOnToolsVersion = 13.4.1;
						TestTargetID = A4EE9FCC28B4A6CE00D0F4E3;
					};
				};
			};
			buildConfigurationList = A4EE9FC828B4A6CE00D0F4E3 /* Build configuration list for PBXProject "Simple Analog TV Clock" */;
			compatibilityVersion = "Xcode 13.0";
			developmentRegion = en;
			hasScannedForEncodings = 0;
			knownRegions = (
				en,
				Base,
			);
			mainGroup = A4EE9FC428B4A6CE00D0F4E3;
			productRefGroup = A4EE9FCE28B4A6CE00D0F4E3 /* Products */;
			projectDirPath = "";
			projectRoot = "";
			targets = (
				A4EE9FCC28B4A6CE00D0F4E3 /* Simple Analog TV Clock */,
				A4EE9FDC28B4A6CE00D0F4E3 /* Simple Analog TV ClockTests */,
				A4EE9FE628B4A6CE00D0F4E3 /* Simple Analog TV ClockUITests */,
			);
		};
/* End PBXProject section */

/* Begin PBXResourcesBuildPhase section */
		A4EE9FCB28B4A6CE00D0F4E3 /* Resources */ = {
			isa = PBXResourcesBuildPhase;
			buildActionMask = 2147483647;
			files = (
				A4EE9FD828B4A6CE00D0F4E3 /* Preview Assets.xcassets in Resources */,
				A4EE9FD528B4A6CE00D0F4E3 /* Assets.xcassets in Resources */,
			);
			runOnlyForDeploymentPostprocessing = 0;
		};
		A4EE9FDB28B4A6CE00D0F4E3 /* Resources */ = {
			isa = PBXResourcesBuildPhase;
			buildActionMask = 2147483647;
			files = (
			);
			runOnlyForDeploymentPostprocessing = 0;
		};
		A4EE9FE528B4A6CE00D0F4E3 /* Resources */ = {
			isa = PBXResourcesBuildPhase;
			buildActionMask = 2147483647;
			files = (
			);
			runOnlyForDeploymentPostprocessing = 0;
		};
/* End PBXResourcesBuildPhase section */

/* Begin PBXSourcesBuildPhase section */
		A4EE9FC928B4A6CE00D0F4E3 /* Sources */ = {
			isa = PBXSourcesBuildPhase;
			buildActionMask = 2147483647;
			files = (
				A4EE9FD328B4A6CE00D0F4E3 /* ContentView.swift in Sources */,
				A4EE9FD128B4A6CE00D0F4E3 /* Simple_Analog_TV_ClockApp.swift in Sources */,
			);
			runOnlyForDeploymentPostprocessing = 0;
		};
		A4EE9FD928B4A6CE00D0F4E3 /* Sources */ = {
			isa = PBXSourcesBuildPhase;
			buildActionMask = 2147483647;
			files = (
				A4EE9FE228B4A6CE00D0F4E3 /* Simple_Analog_TV_ClockTests.swift in Sources */,
			);
			runOnlyForDeploymentPostprocessing = 0;
		};
		A4EE9FE328B4A6CE00D0F4E3 /* Sources */ = {
			isa = PBXSourcesBuildPhase;
			buildActionMask = 2147483647;
			files = (
				A4EE9FEC28B4A6CE00D0F4E3 /* Simple_Analog_TV_ClockUITests.swift in Sources */,
				A4EE9FEE28B4A6CE00D0F4E3 /* Simple_Analog_TV_ClockUITestsLaunchTests.swift in Sources */,
			);
			runOnlyForDeploymentPostprocessing = 0;
		};
/* End PBXSourcesBuildPhase section */

/* Begin PBXTargetDependency section */
		A4EE9FDF28B4A6CE00D0F4E3 /* PBXTargetDependency */ = {
			isa = PBXTargetDependency;
			target = A4EE9FCC28B4A6CE00D0F4E3 /* Simple Analog TV Clock */;
			targetProxy = A4EE9FDE28B4A6CE00D0F4E3 /* PBXContainerItemProxy */;
		};
		A4EE9FE928B4A6CE00D0F4E3 /* PBXTargetDependency */ = {
			isa = PBXTargetDependency;
			target = A4EE9FCC28B4A6CE00D0F4E3 /* Simple Analog TV Clock */;
			targetProxy = A4EE9FE828B4A6CE00D0F4E3 /* PBXContainerItemProxy */;
		};
/* End PBXTargetDependency section */

/* Begin XCBuildConfiguration section */
		A4EE9FEF28B4A6CE00D0F4E3 /* Debug */ = {
			isa = XCBuildConfiguration;
			buildSettings = {
				ALWAYS_SEARCH_USER_PATHS = NO;
				CLANG_ANALYZER_NONNULL = YES;
				CLANG_ANALYZER_NUMBER_OBJECT_CONVERSION = YES_AGGRESSIVE;
				CLANG_CXX_LANGUAGE_STANDARD = "gnu++17";
				CLANG_ENABLE_MODULES = YES;
				CLANG_ENABLE_OBJC_ARC = YES;
				CLANG_ENABLE_OBJC_WEAK = YES;
				CLANG_WARN_BLOCK_CAPTURE_AUTORELEASING = YES;
				CLANG_WARN_BOOL_CONVERSION = YES;
				CLANG_WARN_COMMA = YES;
				CLANG_WARN_CONSTANT_CONVERSION = YES;
				CLANG_WARN_DEPRECATED_OBJC_IMPLEMENTATIONS = YES;
				CLANG_WARN_DIRECT_OBJC_ISA_USAGE = YES_ERROR;
				CLANG_WARN_DOCUMENTATION_COMMENTS = YES;
				CLANG_WARN_EMPTY_BODY = YES;
				CLANG_WARN_ENUM_CONVERSION = YES;
				CLANG_WARN_INFINITE_RECURSION = YES;
				CLANG_WARN_INT_CONVERSION = YES;
				CLANG_WARN_NON_LITERAL_NULL_CONVERSION = YES;
				CLANG_WARN_OBJC_IMPLICIT_RETAIN_SELF = YES;
				CLANG_WARN_OBJC_LITERAL_CONVERSION = YES;
				CLANG_WARN_OBJC_ROOT_CLASS = YES_ERROR;
				CLANG_WARN_QUOTED_INCLUDE_IN_FRAMEWORK_HEADER = YES;
				CLANG_WARN_RANGE_LOOP_ANALYSIS = YES;
				CLANG_WARN_STRICT_PROTOTYPES = YES;
				CLANG_WARN_SUSPICIOUS_MOVE = YES;
				CLANG_WARN_UNGUARDED_AVAILABILITY = YES_AGGRESSIVE;
				CLANG_WARN_UNREACHABLE_CODE = YES;
				CLANG_WARN__DUPLICATE_METHOD_MATCH = YES;
				COPY_PHASE_STRIP = NO;
				DEBUG_INFORMATION_FORMAT = dwarf;
				ENABLE_STRICT_OBJC_MSGSEND = YES;
				ENABLE_TESTABILITY = YES;
				GCC_C_LANGUAGE_STANDARD = gnu11;
				GCC_DYNAMIC_NO_PIC = NO;
				GCC_NO_COMMON_BLOCKS = YES;
				GCC_OPTIMIZATION_LEVEL = 0;
				GCC_PREPROCESSOR_DEFINITIONS = (
					"DEBUG=1",
					"$(inherited)",
				);
				GCC_WARN_64_TO_32_BIT_CONVERSION = YES;
				GCC_WARN_ABOUT_RETURN_TYPE = YES_ERROR;
				GCC_WARN_UNDECLARED_SELECTOR = YES;
				GCC_WARN_UNINITIALIZED_AUTOS = YES_AGGRESSIVE;
				GCC_WARN_UNUSED_FUNCTION = YES;
				GCC_WARN_UNUSED_VARIABLE = YES;
				MTL_ENABLE_DEBUG_INFO = INCLUDE_SOURCE;
				MTL_FAST_MATH = YES;
				ONLY_ACTIVE_ARCH = YES;
				SDKROOT = appletvos;
				SWIFT_ACTIVE_COMPILATION_CONDITIONS = DEBUG;
				SWIFT_OPTIMIZATION_LEVEL = "-Onone";
				TVOS_DEPLOYMENT_TARGET = 15.4;
			};
			name = Debug;
		};
		A4EE9FF028B4A6CE00D0F4E3 /* Release */ = {
			isa = XCBuildConfiguration;
			buildSettings = {
				ALWAYS_SEARCH_USER_PATHS = NO;
				CLANG_ANALYZER_NONNULL = YES;
				CLANG_ANALYZER_NUMBER_OBJECT_CONVERSION = YES_AGGRESSIVE;
				CLANG_CXX_LANGUAGE_STANDARD = "gnu++17";
				CLANG_ENABLE_MODULES = YES;
				CLANG_ENABLE_OBJC_ARC = YES;
				CLANG_ENABLE_OBJC_WEAK = YES;
				CLANG_WARN_BLOCK_CAPTURE_AUTORELEASING = YES;
				CLANG_WARN_BOOL_CONVERSION = YES;
				CLANG_WARN_COMMA = YES;
				CLANG_WARN_CONSTANT_CONVERSION = YES;
				CLANG_WARN_DEPRECATED_OBJC_IMPLEMENTATIONS = YES;
				CLANG_WARN_DIRECT_OBJC_ISA_USAGE = YES_ERROR;
				CLANG_WARN_DOCUMENTATION_COMMENTS = YES;
				CLANG_WARN_EMPTY_BODY = YES;
				CLANG_WARN_ENUM_CONVERSION = YES;
				CLANG_WARN_INFINITE_RECURSION = YES;
				CLANG_WARN_INT_CONVERSION = YES;
				CLANG_WARN_NON_LITERAL_NULL_CONVERSION = YES;
				CLANG_WARN_OBJC_IMPLICIT_RETAIN_SELF = YES;
				CLANG_WARN_OBJC_LITERAL_CONVERSION = YES;
				CLANG_WARN_OBJC_ROOT_CLASS = YES_ERROR;
				CLANG_WARN_QUOTED_INCLUDE_IN_FRAMEWORK_HEADER = YES;
				CLANG_WARN_RANGE_LOOP_ANALYSIS = YES;
				CLANG_WARN_STRICT_PROTOTYPES = YES;
				CLANG_WARN_SUSPICIOUS_MOVE = YES;
				CLANG_WARN_UNGUARDED_AVAILABILITY = YES_AGGRESSIVE;
				CLANG_WARN_UNREACHABLE_CODE = YES;
				CLANG_WARN__DUPLICATE_METHOD_MATCH = YES;
				COPY_PHASE_STRIP = NO;
				DEBUG_INFORMATION_FORMAT = "dwarf-with-dsym";
				ENABLE_NS_ASSERTIONS = NO;
				ENABLE_STRICT_OBJC_MSGSEND = YES;
				GCC_C_LANGUAGE_STANDARD = gnu11;
				GCC_NO_COMMON_BLOCKS = YES;
				GCC_WARN_64_TO_32_BIT_CONVERSION = YES;
				GCC_WARN_ABOUT_RETURN_TYPE = YES_ERROR;
				GCC_WARN_UNDECLARED_SELECTOR = YES;
				GCC_WARN_UNINITIALIZED_AUTOS = YES_AGGRESSIVE;
				GCC_WARN_UNUSED_FUNCTION = YES;
				GCC_WARN_UNUSED_VARIABLE = YES;
				MTL_ENABLE_DEBUG_INFO = NO;
				MTL_FAST_MATH = YES;
				SDKROOT = appletvos;
				SWIFT_COMPILATION_MODE = wholemodule;
				SWIFT_OPTIMIZATION_LEVEL = "-O";
				TVOS_DEPLOYMENT_TARGET = 15.4;
				VALIDATE_PRODUCT = YES;
			};
			name = Release;
		};
		A4EE9FF228B4A6CE00D0F4E3 /* Debug */ = {
			isa = XCBuildConfiguration;
			buildSettings = {
				ASSETCATALOG_COMPILER_APPICON_NAME = "App Icon & Top Shelf Image";
				ASSETCATALOG_COMPILER_GLOBAL_ACCENT_COLOR_NAME = AccentColor;
				CODE_SIGN_STYLE = Automatic;
				CURRENT_PROJECT_VERSION = 1;
				DEVELOPMENT_ASSET_PATHS = "\"Simple Analog TV Clock/Preview Content\"";
				DEVELOPMENT_TEAM = 9RNBUXL634;
				ENABLE_PREVIEWS = YES;
				GENERATE_INFOPLIST_FILE = YES;
				INFOPLIST_KEY_UILaunchScreen_Generation = YES;
				INFOPLIST_KEY_UIUserInterfaceStyle = Automatic;
				LD_RUNPATH_SEARCH_PATHS = (
					"$(inherited)",
					"@executable_path/Frameworks",
				);
				MARKETING_VERSION = 1.0;
				PRODUCT_BUNDLE_IDENTIFIER = "my.edu.ois.Simple-Analog-TV-Clock";
				PRODUCT_NAME = "$(TARGET_NAME)";
				SWIFT_EMIT_LOC_STRINGS = YES;
				SWIFT_VERSION = 5.0;
				TARGETED_DEVICE_FAMILY = 3;
			};
			name = Debug;
		};
		A4EE9FF328B4A6CE00D0F4E3 /* Release */ = {
			isa = XCBuildConfiguration;
			buildSettings = {
				ASSETCATALOG_COMPILER_APPICON_NAME = "App Icon & Top Shelf Image";
				ASSETCATALOG_COMPILER_GLOBAL_ACCENT_COLOR_NAME = AccentColor;
				CODE_SIGN_STYLE = Automatic;
				CURRENT_PROJECT_VERSION = 1;
				DEVELOPMENT_ASSET_PATHS = "\"Simple Analog TV Clock/Preview Content\"";
				DEVELOPMENT_TEAM = 9RNBUXL634;
				ENABLE_PREVIEWS = YES;
				GENERATE_INFOPLIST_FILE = YES;
				INFOPLIST_KEY_UILaunchScreen_Generation = YES;
				INFOPLIST_KEY_UIUserInterfaceStyle = Automatic;
				LD_RUNPATH_SEARCH_PATHS = (
					"$(inherited)",
					"@executable_path/Frameworks",
				);
				MARKETING_VERSION = 1.0;
				PRODUCT_BUNDLE_IDENTIFIER = "my.edu.ois.Simple-Analog-TV-Clock";
				PRODUCT_NAME = "$(TARGET_NAME)";
				SWIFT_EMIT_LOC_STRINGS = YES;
				SWIFT_VERSION = 5.0;
				TARGETED_DEVICE_FAMILY = 3;
			};
			name = Release;
		};
		A4EE9FF528B4A6CE00D0F4E3 /* Debug */ = {
			isa = XCBuildConfiguration;
			buildSettings = {
				ALWAYS_EMBED_SWIFT_STANDARD_LIBRARIES = YES;
				BUNDLE_LOADER = "$(TEST_HOST)";
				CODE_SIGN_STYLE = Automatic;
				CURRENT_PROJECT_VERSION = 1;
				DEVELOPMENT_TEAM = 9RNBUXL634;
				GENERATE_INFOPLIST_FILE = YES;
				MARKETING_VERSION = 1.0;
				PRODUCT_BUNDLE_IDENTIFIER = "my.edu.ois.Simple-Analog-TV-ClockTests";
				PRODUCT_NAME = "$(TARGET_NAME)";
				SWIFT_EMIT_LOC_STRINGS = NO;
				SWIFT_VERSION = 5.0;
				TARGETED_DEVICE_FAMILY = 3;
				TEST_HOST = "$(BUILT_PRODUCTS_DIR)/Simple Analog TV Clock.app/Simple Analog TV Clock";
				TVOS_DEPLOYMENT_TARGET = 15.4;
			};
			name = Debug;
		};
		A4EE9FF628B4A6CE00D0F4E3 /* Release */ = {
			isa = XCBuildConfiguration;
			buildSettings = {
				ALWAYS_EMBED_SWIFT_STANDARD_LIBRARIES = YES;
				BUNDLE_LOADER = "$(TEST_HOST)";
				CODE_SIGN_STYLE = Automatic;
				CURRENT_PROJECT_VERSION = 1;
				DEVELOPMENT_TEAM = 9RNBUXL634;
				GENERATE_INFOPLIST_FILE = YES;
				MARKETING_VERSION = 1.0;
				PRODUCT_BUNDLE_IDENTIFIER = "my.edu.ois.Simple-Analog-TV-ClockTests";
				PRODUCT_NAME = "$(TARGET_NAME)";
				SWIFT_EMIT_LOC_STRINGS = NO;
				SWIFT_VERSION = 5.0;
				TARGETED_DEVICE_FAMILY = 3;
				TEST_HOST = "$(BUILT_PRODUCTS_DIR)/Simple Analog TV Clock.app/Simple Analog TV Clock";
				TVOS_DEPLOYMENT_TARGET = 15.4;
			};
			name = Release;
		};
		A4EE9FF828B4A6CE00D0F4E3 /* Debug */ = {
			isa = XCBuildConfiguration;
			buildSettings = {
				ALWAYS_EMBED_SWIFT_STANDARD_LIBRARIES = YES;
				CODE_SIGN_STYLE = Automatic;
				CURRENT_PROJECT_VERSION = 1;
				DEVELOPMENT_TEAM = 9RNBUXL634;
				GENERATE_INFOPLIST_FILE = YES;
				MARKETING_VERSION = 1.0;
				PRODUCT_BUNDLE_IDENTIFIER = "my.edu.ois.Simple-Analog-TV-ClockUITests";
				PRODUCT_NAME = "$(TARGET_NAME)";
				SWIFT_EMIT_LOC_STRINGS = NO;
				SWIFT_VERSION = 5.0;
				TARGETED_DEVICE_FAMILY = 3;
				TEST_TARGET_NAME = "Simple Analog TV Clock";
			};
			name = Debug;
		};
		A4EE9FF928B4A6CE00D0F4E3 /* Release */ = {
			isa = XCBuildConfiguration;
			buildSettings = {
				ALWAYS_EMBED_SWIFT_STANDARD_LIBRARIES = YES;
				CODE_SIGN_STYLE = Automatic;
				CURRENT_PROJECT_VERSION = 1;
				DEVELOPMENT_TEAM = 9RNBUXL634;
				GENERATE_INFOPLIST_FILE = YES;
				MARKETING_VERSION = 1.0;
				PRODUCT_BUNDLE_IDENTIFIER = "my.edu.ois.Simple-Analog-TV-ClockUITests";
				PRODUCT_NAME = "$(TARGET_NAME)";
				SWIFT_EMIT_LOC_STRINGS = NO;
				SWIFT_VERSION = 5.0;
				TARGETED_DEVICE_FAMILY = 3;
				TEST_TARGET_NAME = "Simple Analog TV Clock";
			};
			name = Release;
		};
/* End XCBuildConfiguration section */

/* Begin XCConfigurationList section */
		A4EE9FC828B4A6CE00D0F4E3 /* Build configuration list for PBXProject "Simple Analog TV Clock" */ = {
			isa = XCConfigurationList;
			buildConfigurations = (
				A4EE9FEF28B4A6CE00D0F4E3 /* Debug */,
				A4EE9FF028B4A6CE00D0F4E3 /* Release */,
			);
			defaultConfigurationIsVisible = 0;
			defaultConfigurationName = Release;
		};
		A4EE9FF128B4A6CE00D0F4E3 /* Build configuration list for PBXNativeTarget "Simple Analog TV Clock" */ = {
			isa = XCConfigurationList;
			buildConfigurations = (
				A4EE9FF228B4A6CE00D0F4E3 /* Debug */,
				A4EE9FF328B4A6CE00D0F4E3 /* Release */,
			);
			defaultConfigurationIsVisible = 0;
			defaultConfigurationName = Release;
		};
		A4EE9FF428B4A6CE00D0F4E3 /* Build configuration list for PBXNativeTarget "Simple Analog TV ClockTests" */ = {
			isa = XCConfigurationList;
			buildConfigurations = (
				A4EE9FF528B4A6CE00D0F4E3 /* Debug */,
				A4EE9FF628B4A6CE00D0F4E3 /* Release */,
			);
			defaultConfigurationIsVisible = 0;
			defaultConfigurationName = Release;
		};
		A4EE9FF728B4A6CE00D0F4E3 /* Build configuration list for PBXNativeTarget "Simple Analog TV ClockUITests" */ = {
			isa = XCConfigurationList;
			buildConfigurations = (
				A4EE9FF828B4A6CE00D0F4E3 /* Debug */,
				A4EE9FF928B4A6CE00D0F4E3 /* Release */,
			);
			defaultConfigurationIsVisible = 0;
			defaultConfigurationName = Release;
		};
/* End XCConfigurationList section */
	};
	rootObject = A4EE9FC528B4A6CE00D0F4E3 /* Project object */;
}
